PODS:
  - DKImagePickerController/Core (4.3.9):
    - DKImagePickerController/ImageDataManager
    - DKImagePickerController/Resource
  - DKImagePickerController/ImageDataManager (4.3.9)
  - DKImagePickerController/PhotoGallery (4.3.9):
    - DKImagePickerController/Core
    - DKPhotoGallery
  - DKImagePickerController/Resource (4.3.9)
  - DKPhotoGallery (0.0.19):
    - DKPhotoGallery/Core (= 0.0.19)
    - DKPhotoGallery/Model (= 0.0.19)
    - DKPhotoGallery/Preview (= 0.0.19)
    - DKPhotoGallery/Resource (= 0.0.19)
    - SDWebImage
    - SwiftyGif
  - DKPhotoGallery/Core (0.0.19):
    - DKPhotoGallery/Model
    - DKPhotoGallery/Preview
    - SDWebImage
    - SwiftyGif
  - DKPhotoGallery/Model (0.0.19):
    - SDWebImage
    - SwiftyGif
  - DKPhotoGallery/Preview (0.0.19):
    - DKPhotoGallery/Model
    - DKPhotoGallery/Resource
    - SDWebImage
    - SwiftyGif
  - DKPhotoGallery/Resource (0.0.19):
    - SDWebImage
    - SwiftyGif
  - file_picker (0.0.1):
    - DKImagePickerController/PhotoGallery
    - Flutter
  - Flutter (1.0.0)
  - flutter_inappwebview_ios (0.0.1):
    - Flutter
    - flutter_inappwebview_ios/Core (= 0.0.1)
    - OrderedSet (~> 6.0.3)
  - flutter_inappwebview_ios/Core (0.0.1):
    - Flutter
    - OrderedSet (~> 6.0.3)
  - flutter_secure_storage (6.0.0):
    - Flutter
  - flutter_web_auth_2 (3.0.0):
    - Flutter
  - fluttertoast (0.0.2):
    - Flutter
  - image_cropper (0.0.4):
    - Flutter
    - TOCropViewController (~> 2.7.4)
  - image_picker_ios (0.0.1):
    - Flutter
  - local_auth_darwin (0.0.1):
    - Flutter
    - FlutterMacOS
  - OrderedSet (6.0.3)
  - path_provider_foundation (0.0.1):
    - Flutter
    - FlutterMacOS
  - printing (1.0.0):
    - Flutter
  - razorpay-core-pod (1.0.3)
  - razorpay-pod (1.5.2):
    - razorpay-core-pod (= 1.0.3)
  - razorpay_flutter (1.1.10):
    - Flutter
    - razorpay-pod
  - SDWebImage (5.21.5):
    - SDWebImage/Core (= 5.21.5)
  - SDWebImage/Core (5.21.5)
  - share_plus (0.0.1):
    - Flutter
  - shared_preferences_foundation (0.0.1):
    - Flutter
    - FlutterMacOS
  - sqflite_darwin (0.0.4):
    - Flutter
    - FlutterMacOS
  - SwiftyGif (5.4.5)
  - TOCropViewController (2.7.4)
  - url_launcher_ios (0.0.1):
    - Flutter
  - webview_flutter_wkwebview (0.0.1):
    - Flutter
    - FlutterMacOS

DEPENDENCIES:
  - file_picker (from `.symlinks/plugins/file_picker/ios`)
  - Flutter (from `Flutter`)
  - flutter_inappwebview_ios (from `.symlinks/plugins/flutter_inappwebview_ios/ios`)
  - flutter_secure_storage (from `.symlinks/plugins/flutter_secure_storage/ios`)
  - flutter_web_auth_2 (from `.symlinks/plugins/flutter_web_auth_2/ios`)
  - fluttertoast (from `.symlinks/plugins/fluttertoast/ios`)
  - image_cropper (from `.symlinks/plugins/image_cropper/ios`)
  - image_picker_ios (from `.symlinks/plugins/image_picker_ios/ios`)
  - local_auth_darwin (from `.symlinks/plugins/local_auth_darwin/darwin`)
  - path_provider_foundation (from `.symlinks/plugins/path_provider_foundation/darwin`)
  - printing (from `.symlinks/plugins/printing/ios`)
  - razorpay_flutter (from `.symlinks/plugins/razorpay_flutter/ios`)
  - share_plus (from `.symlinks/plugins/share_plus/ios`)
  - shared_preferences_foundation (from `.symlinks/plugins/shared_preferences_foundation/darwin`)
  - sqflite_darwin (from `.symlinks/plugins/sqflite_darwin/darwin`)
  - url_launcher_ios (from `.symlinks/plugins/url_launcher_ios/ios`)
  - webview_flutter_wkwebview (from `.symlinks/plugins/webview_flutter_wkwebview/darwin`)

SPEC REPOS:
  trunk:
    - DKImagePickerController
    - DKPhotoGallery
    - OrderedSet
    - razorpay-core-pod
    - razorpay-pod
    - SDWebImage
    - SwiftyGif
    - TOCropViewController

EXTERNAL SOURCES:
  file_picker:
    :path: ".symlinks/plugins/file_picker/ios"
  Flutter:
    :path: Flutter
  flutter_inappwebview_ios:
    :path: ".symlinks/plugins/flutter_inappwebview_ios/ios"
  flutter_secure_storage:
    :path: ".symlinks/plugins/flutter_secure_storage/ios"
  flutter_web_auth_2:
    :path: ".symlinks/plugins/flutter_web_auth_2/ios"
  fluttertoast:
    :path: ".symlinks/plugins/fluttertoast/ios"
  image_cropper:
    :path: ".symlinks/plugins/image_cropper/ios"
  image_picker_ios:
    :path: ".symlinks/plugins/image_picker_ios/ios"
  local_auth_darwin:
    :path: ".symlinks/plugins/local_auth_darwin/darwin"
  path_provider_foundation:
    :path: ".symlinks/plugins/path_provider_foundation/darwin"
  printing:
    :path: ".symlinks/plugins/printing/ios"
  razorpay_flutter:
    :path: ".symlinks/plugins/razorpay_flutter/ios"
  share_plus:
    :path: ".symlinks/plugins/share_plus/ios"
  shared_preferences_foundation:
    :path: ".symlinks/plugins/shared_preferences_foundation/darwin"
  sqflite_darwin:
    :path: ".symlinks/plugins/sqflite_darwin/darwin"
  url_launcher_ios:
    :path: ".symlinks/plugins/url_launcher_ios/ios"
  webview_flutter_wkwebview:
    :path: ".symlinks/plugins/webview_flutter_wkwebview/darwin"

SPEC CHECKSUMS:
  DKImagePickerController: 946cec48c7873164274ecc4624d19e3da4c1ef3c
  DKPhotoGallery: b3834fecb755ee09a593d7c9e389d8b5d6deed60
  file_picker: a0560bc09d61de87f12d246fc47d2119e6ef37be
  Flutter: cabc95a1d2626b1b06e7179b784ebcf0c0cde467
  flutter_inappwebview_ios: b89ba3482b96fb25e00c967aae065701b66e9b99
  flutter_secure_storage: 1ed9476fba7e7a782b22888f956cce43e2c62f13
  flutter_web_auth_2: 5c8d9dcd7848b5a9efb086d24e7a9adcae979c80
  fluttertoast: 2c67e14dce98bbdb200df9e1acf610d7a6264ea1
  image_cropper: c4326ea50132b1e1564499e5d32a84f01fb03537
  image_picker_ios: 7fe1ff8e34c1790d6fff70a32484959f563a928a
  local_auth_darwin: 553ce4f9b16d3fdfeafce9cf042e7c9f77c1c391
  OrderedSet: e539b66b644ff081c73a262d24ad552a69be3a94
  path_provider_foundation: 080d55be775b7414fd5a5ef3ac137b97b097e564
  printing: 54ff03f28fe9ba3aa93358afb80a8595a071dd07
  razorpay-core-pod: ef0309dbf8e3e5a1330f6cad89dcf9226d8ef758
  razorpay-pod: a9cb6e158aee8754053b147008eff6b4897789c8
  razorpay_flutter: 0e98e4fcaae27ad50e011d85f66d85e0a008754a
  SDWebImage: e9c98383c7572d713c1a0d7dd2783b10599b9838
  share_plus: 50da8cb520a8f0f65671c6c6a99b3617ed10a58a
  shared_preferences_foundation: 9e1978ff2562383bd5676f64ec4e9aa8fa06a6f7
  sqflite_darwin: 20b2a3a3b70e43edae938624ce550a3cbf66a3d0
  SwiftyGif: 706c60cf65fa2bc5ee0313beece843c8eb8194d4
  TOCropViewController: 80b8985ad794298fb69d3341de183f33d1853654
  url_launcher_ios: 694010445543906933d732453a59da0a173ae33d
  webview_flutter_wkwebview: 1821ceac936eba6f7984d89a9f3bcb4dea99ebb2

PODFILE CHECKSUM: b72b62f725df732c8a9e4d80e6b67474baec5e7c

COCOAPODS: 1.16.2
